
Microsoft Visual Studio Solution File, Format Version 12.00
# Visual Studio Version 16
VisualStudioVersion = 16.0.29306.81
MinimumVisualStudioVersion = 10.0.40219.1
Project("{FAE04EC0-301F-11D3-BF4B-00C04F79EFBC}") = "Car racing", "Car racing.csproj", "{47BE1679-B689-4F15-ADF5-8BDD206BB41C}"
EndProject
Global
	GlobalSection(SolutionConfigurationPlatforms) = preSolution
		Debug|Any CPU = Debug|Any CPU
		Release|Any CPU = Release|Any CPU
	EndGlobalSection
	GlobalSection(ProjectConfigurationPlatforms) = postSolution
		{47BE1679-B689-4F15-ADF5-8BDD206BB41C}.Debug|Any CPU.ActiveCfg = Debug|Any CPU
		{47BE1679-B689-4F15-ADF5-8BDD206BB41C}.Debug|Any CPU.Build.0 = Debug|Any CPU
		{47BE1679-B689-4F15-ADF5-8BDD206BB41C}.Release|Any CPU.ActiveCfg = Release|Any CPU
		{47BE1679-B689-4F15-ADF5-8BDD206BB41C}.Release|Any CPU.Build.0 = Release|Any CPU
	EndGlobalSection
	GlobalSection(SolutionProperties) = preSolution
		HideSolutionNode = FALSE
	EndGlobalSection
	GlobalSection(ExtensibilityGlobals) = postSolution
		SolutionGuid = {7BD3F3DB-E166-4A28-BBC6-036B89054AB1}
	EndGlobalSection
EndGlobal
